# This file is automatically @generated by Cargo.
# It is not intended for manual editing.
version = 3

[[package]]
name = "bitflags"
version = "2.4.1"
source = "registry+https://github.com/rust-lang/crates.io-index"
checksum = "327762f6e5a765692301e5bb513e0d9fef63be86bbc14528052b1cd3e6f03e07"

[[package]]
name = "common"
version = "0.1.0"
dependencies = [
 "uefi-raw",
]

[[package]]
name = "proc-macro2"
version = "1.0.69"
source = "registry+https://github.com/rust-lang/crates.io-index"
checksum = "134c189feb4956b20f6f547d2cf727d4c0fe06722b20a0eec87ed445a97f92da"
dependencies = [
 "unicode-ident",
]

[[package]]
name = "ptr_meta"
version = "0.2.0"
source = "registry+https://github.com/rust-lang/crates.io-index"
checksum = "bcada80daa06c42ed5f48c9a043865edea5dc44cbf9ac009fda3b89526e28607"
dependencies = [
 "ptr_meta_derive",
]

[[package]]
name = "ptr_meta_derive"
version = "0.2.0"
source = "registry+https://github.com/rust-lang/crates.io-index"
checksum = "bca9224df2e20e7c5548aeb5f110a0f3b77ef05f8585139b7148b59056168ed2"
dependencies = [
 "proc-macro2",
 "quote",
 "syn",
]

[[package]]
name = "quote"
version = "1.0.33"
source = "registry+https://github.com/rust-lang/crates.io-index"
checksum = "5267fca4496028628a95160fc423a33e8b2e6af8a5302579e322e4b520293cae"
dependencies = [
 "proc-macro2",
]

[[package]]
name = "syn"
version = "1.0.109"
source = "registry+https://github.com/rust-lang/crates.io-index"
checksum = "72b64191b275b66ffe2469e8af2c1cfe3bafa67b529ead792a6d0160888b4237"
dependencies = [
 "proc-macro2",
 "quote",
 "unicode-ident",
]

[[package]]
name = "uefi-raw"
version = "0.5.0"
source = "registry+https://github.com/rust-lang/crates.io-index"
checksum = "864ac69eadd877bfb34e7814be1928122ed0057d9f975169a56ee496aa7bdfd7"
dependencies = [
 "bitflags",
 "ptr_meta",
 "uguid",
]

[[package]]
name = "uguid"
version = "2.1.0"
source = "registry+https://github.com/rust-lang/crates.io-index"
checksum = "1ef516f0806c5f61da6aa95125d0eb2d91cc95b2df426c06bde8be657282aee5"

[[package]]
name = "unicode-ident"
version = "1.0.12"
source = "registry+https://github.com/rust-lang/crates.io-index"
checksum = "3354b9ac3fae1ff6755cb6db53683adb661634f67557942dea4facebec0fee4b"
